{
  "name": "hbcx",
  "version": "1.0.0",
  "lockfileVersion": 1,
  "requires": true,
  "dependencies": {
    "adaptive.js": {
      "version": "0.0.2",
      "resolved": "https://registry.npmjs.org/adaptive.js/-/adaptive.js-0.0.2.tgz",
      "integrity": "sha1-jeve90rKCEk71q77nq6AeW1pIek="
    }
  }
}
